
Microsoft Visual Studio Solution File, Format Version 12.00
# Visual Studio Version 17
VisualStudioVersion = 17.14.36408.4 d17.14
MinimumVisualStudioVersion = 10.0.40219.1
Project("{FAE04EC0-301F-11D3-BF4B-00C04F79EFBC}") = "PeopleHub.API", "PeopleHub.API\PeopleHub.API.csproj", "{8A8D5A22-A38B-44AB-8388-54E873FDC24B}"
EndProject
Project("{FAE04EC0-301F-11D3-BF4B-00C04F79EFBC}") = "PeopleHub.Domain", "PeopleHub.Domain\PeopleHub.Domain.csproj", "{DA4BF84F-EB2E-4F2D-8D05-7903460B1409}"
EndProject
Project("{FAE04EC0-301F-11D3-BF4B-00C04F79EFBC}") = "PeopleHub.Application", "PeopleHub.Application\PeopleHub.Application.csproj", "{57BFF697-8BC2-44BD-BEF7-0741B3F525FA}"
EndProject
Project("{FAE04EC0-301F-11D3-BF4B-00C04F79EFBC}") = "PeopleHub.Infrastructure", "PeopleHub.Infrastructure\PeopleHub.Infrastructure.csproj", "{2854094D-EB19-42B7-BD62-1056DB1CA33F}"
EndProject
Project("{FAE04EC0-301F-11D3-BF4B-00C04F79EFBC}") = "PeopleHub.Test", "PeopleHub.Test\PeopleHub.Test.csproj", "{9D82EC8C-8BC4-4D5C-AEBD-DDE93DDBC35D}"
EndProject
Global
	GlobalSection(SolutionConfigurationPlatforms) = preSolution
		Debug|Any CPU = Debug|Any CPU
		Release|Any CPU = Release|Any CPU
	EndGlobalSection
	GlobalSection(ProjectConfigurationPlatforms) = postSolution
		{8A8D5A22-A38B-44AB-8388-54E873FDC24B}.Debug|Any CPU.ActiveCfg = Debug|Any CPU
		{8A8D5A22-A38B-44AB-8388-54E873FDC24B}.Debug|Any CPU.Build.0 = Debug|Any CPU
		{8A8D5A22-A38B-44AB-8388-54E873FDC24B}.Release|Any CPU.ActiveCfg = Release|Any CPU
		{8A8D5A22-A38B-44AB-8388-54E873FDC24B}.Release|Any CPU.Build.0 = Release|Any CPU
		{DA4BF84F-EB2E-4F2D-8D05-7903460B1409}.Debug|Any CPU.ActiveCfg = Debug|Any CPU
		{DA4BF84F-EB2E-4F2D-8D05-7903460B1409}.Debug|Any CPU.Build.0 = Debug|Any CPU
		{DA4BF84F-EB2E-4F2D-8D05-7903460B1409}.Release|Any CPU.ActiveCfg = Release|Any CPU
		{DA4BF84F-EB2E-4F2D-8D05-7903460B1409}.Release|Any CPU.Build.0 = Release|Any CPU
		{57BFF697-8BC2-44BD-BEF7-0741B3F525FA}.Debug|Any CPU.ActiveCfg = Debug|Any CPU
		{57BFF697-8BC2-44BD-BEF7-0741B3F525FA}.Debug|Any CPU.Build.0 = Debug|Any CPU
		{57BFF697-8BC2-44BD-BEF7-0741B3F525FA}.Release|Any CPU.ActiveCfg = Release|Any CPU
		{57BFF697-8BC2-44BD-BEF7-0741B3F525FA}.Release|Any CPU.Build.0 = Release|Any CPU
		{2854094D-EB19-42B7-BD62-1056DB1CA33F}.Debug|Any CPU.ActiveCfg = Debug|Any CPU
		{2854094D-EB19-42B7-BD62-1056DB1CA33F}.Debug|Any CPU.Build.0 = Debug|Any CPU
		{2854094D-EB19-42B7-BD62-1056DB1CA33F}.Release|Any CPU.ActiveCfg = Release|Any CPU
		{2854094D-EB19-42B7-BD62-1056DB1CA33F}.Release|Any CPU.Build.0 = Release|Any CPU
		{9D82EC8C-8BC4-4D5C-AEBD-DDE93DDBC35D}.Debug|Any CPU.ActiveCfg = Debug|Any CPU
		{9D82EC8C-8BC4-4D5C-AEBD-DDE93DDBC35D}.Debug|Any CPU.Build.0 = Debug|Any CPU
		{9D82EC8C-8BC4-4D5C-AEBD-DDE93DDBC35D}.Release|Any CPU.ActiveCfg = Release|Any CPU
		{9D82EC8C-8BC4-4D5C-AEBD-DDE93DDBC35D}.Release|Any CPU.Build.0 = Release|Any CPU
	EndGlobalSection
	GlobalSection(SolutionProperties) = preSolution
		HideSolutionNode = FALSE
	EndGlobalSection
	GlobalSection(ExtensibilityGlobals) = postSolution
		SolutionGuid = {65BD225D-9EB2-4C82-8409-9236205FD960}
	EndGlobalSection
EndGlobal
